// !$*UTF8*$!
{
	archiveVersion = 1;
	classes = {
	};
	objectVersion = 46;
	objects = {

/* Begin PBXBuildFile section */
		841538D01D40A8D20035C027 /* ViewController.m in Sources */ = {isa = PBXBuildFile; fileRef = 841538CF1D40A8D20035C027 /* ViewController.m */; };
		841538D81D40B4CB0035C027 /* testMap2.svg in Resources */ = {isa = PBXBuildFile; fileRef = 841538D71D40B4CB0035C027 /* testMap2.svg */; };
		841B675B1D4084DC00BECADF /* main.m in Sources */ = {isa = PBXBuildFile; fileRef = 841B675A1D4084DC00BECADF /* main.m */; };
		841B675E1D4084DC00BECADF /* AppDelegate.m in Sources */ = {isa = PBXBuildFile; fileRef = 841B675D1D4084DC00BECADF /* AppDelegate.m */; };
		841B67641D4084DC00BECADF /* Main.storyboard in Resources */ = {isa = PBXBuildFile; fileRef = 841B67621D4084DC00BECADF /* Main.storyboard */; };
		841B67661D4084DC00BECADF /* Assets.xcassets in Resources */ = {isa = PBXBuildFile; fileRef = 841B67651D4084DC00BECADF /* Assets.xcassets */; };
		841B67691D4084DC00BECADF /* LaunchScreen.storyboard in Resources */ = {isa = PBXBuildFile; fileRef = 841B67671D4084DC00BECADF /* LaunchScreen.storyboard */; };
		841B67741D4084DC00BECADF /* Demo_NexdTechLocationDemoTests.m in Sources */ = {isa = PBXBuildFile; fileRef = 841B67731D4084DC00BECADF /* Demo_NexdTechLocationDemoTests.m */; };
		841B677F1D4084DC00BECADF /* Demo_NexdTechLocationDemoUITests.m in Sources */ = {isa = PBXBuildFile; fileRef = 841B677E1D4084DC00BECADF /* Demo_NexdTechLocationDemoUITests.m */; };
		841B67921D40853000BECADF /* 101001200002.optparam in Resources */ = {isa = PBXBuildFile; fileRef = 841B678F1D40853000BECADF /* 101001200002.optparam */; };
		841B67931D40853000BECADF /* 101001200002.wifilist in Resources */ = {isa = PBXBuildFile; fileRef = 841B67901D40853000BECADF /* 101001200002.wifilist */; };
		841B67941D40853000BECADF /* 101001200002.wp in Resources */ = {isa = PBXBuildFile; fileRef = 841B67911D40853000BECADF /* 101001200002.wp */; };
		841B67991D40856C00BECADF /* LocationEngine.m in Sources */ = {isa = PBXBuildFile; fileRef = 841B67981D40856C00BECADF /* LocationEngine.m */; };
		84AF3CA11D40A0C800DD34CA /* MapTestViewController.m in Sources */ = {isa = PBXBuildFile; fileRef = 84AF3C9F1D40A0C800DD34CA /* MapTestViewController.m */; };
		84AF3CA51D40A11300DD34CA /* testMap.svg in Resources */ = {isa = PBXBuildFile; fileRef = 84AF3CA21D40A11300DD34CA /* testMap.svg */; };
		84AF3CA61D40A11300DD34CA /* backgroundImage_edited.jpg in Resources */ = {isa = PBXBuildFile; fileRef = 84AF3CA31D40A11300DD34CA /* backgroundImage_edited.jpg */; };
		84AF3CA71D40A11300DD34CA /* backgroundImage.png in Resources */ = {isa = PBXBuildFile; fileRef = 84AF3CA41D40A11300DD34CA /* backgroundImage.png */; };
		84AF3CAB1D40A13800DD34CA /* SVGKit.framework in Frameworks */ = {isa = PBXBuildFile; fileRef = 84AF3CA91D40A13800DD34CA /* SVGKit.framework */; };
		84AF3CAC1D40A13800DD34CA /* SVGKit.framework in Embed Frameworks */ = {isa = PBXBuildFile; fileRef = 84AF3CA91D40A13800DD34CA /* SVGKit.framework */; settings = {ATTRIBUTES = (CodeSignOnCopy, RemoveHeadersOnCopy, ); }; };
		84AF3CAD1D40A13800DD34CA /* CocoaLumberjack.framework in Frameworks */ = {isa = PBXBuildFile; fileRef = 84AF3CAA1D40A13800DD34CA /* CocoaLumberjack.framework */; };
		84AF3CAE1D40A13800DD34CA /* CocoaLumberjack.framework in Embed Frameworks */ = {isa = PBXBuildFile; fileRef = 84AF3CAA1D40A13800DD34CA /* CocoaLumberjack.framework */; settings = {ATTRIBUTES = (CodeSignOnCopy, RemoveHeadersOnCopy, ); }; };
		84AF3CB11D40A14B00DD34CA /* CoreImage.framework in Frameworks */ = {isa = PBXBuildFile; fileRef = 84AF3CB01D40A14B00DD34CA /* CoreImage.framework */; };
		84AF3CB31D40A15200DD34CA /* QuartzCore.framework in Frameworks */ = {isa = PBXBuildFile; fileRef = 84AF3CB21D40A15200DD34CA /* QuartzCore.framework */; };
		84AF3CB51D40A15B00DD34CA /* UIKit.framework in Frameworks */ = {isa = PBXBuildFile; fileRef = 84AF3CB41D40A15B00DD34CA /* UIKit.framework */; };
		84AF3CB71D40A16100DD34CA /* CoreText.framework in Frameworks */ = {isa = PBXBuildFile; fileRef = 84AF3CB61D40A16100DD34CA /* CoreText.framework */; };
		84AF3CB91D40A16A00DD34CA /* CoreGraphics.framework in Frameworks */ = {isa = PBXBuildFile; fileRef = 84AF3CB81D40A16A00DD34CA /* CoreGraphics.framework */; };
		84AF3CBB1D40A17900DD34CA /* libxml2.tbd in Frameworks */ = {isa = PBXBuildFile; fileRef = 84AF3CBA1D40A17900DD34CA /* libxml2.tbd */; };
		84CD5C201D40876200E361AD /* libNexdTechLocationEngine.a in Frameworks */ = {isa = PBXBuildFile; fileRef = 84CD5C1E1D40875200E361AD /* libNexdTechLocationEngine.a */; };
		84CD5C2A1D409A8000E361AD /* PositionTestView.m in Sources */ = {isa = PBXBuildFile; fileRef = 84CD5C291D409A8000E361AD /* PositionTestView.m */; };
/* End PBXBuildFile section */

/* Begin PBXContainerItemProxy section */
		841B67701D4084DC00BECADF /* PBXContainerItemProxy */ = {
			isa = PBXContainerItemProxy;
			containerPortal = 841B674E1D4084DC00BECADF /* Project object */;
			proxyType = 1;
			remoteGlobalIDString = 841B67551D4084DC00BECADF;
			remoteInfo = Demo.NexdTechLocationDemo;
		};
		841B677B1D4084DC00BECADF /* PBXContainerItemProxy */ = {
			isa = PBXContainerItemProxy;
			containerPortal = 841B674E1D4084DC00BECADF /* Project object */;
			proxyType = 1;
			remoteGlobalIDString = 841B67551D4084DC00BECADF;
			remoteInfo = Demo.NexdTechLocationDemo;
		};
/* End PBXContainerItemProxy section */

/* Begin PBXCopyFilesBuildPhase section */
		84AF3CAF1D40A13900DD34CA /* Embed Frameworks */ = {
			isa = PBXCopyFilesBuildPhase;
			buildActionMask = 2147483647;
			dstPath = "";
			dstSubfolderSpec = 10;
			files = (
				84AF3CAE1D40A13800DD34CA /* CocoaLumberjack.framework in Embed Frameworks */,
				84AF3CAC1D40A13800DD34CA /* SVGKit.framework in Embed Frameworks */,
			);
			name = "Embed Frameworks";
			runOnlyForDeploymentPostprocessing = 0;
		};
/* End PBXCopyFilesBuildPhase section */

/* Begin PBXFileReference section */
		841538CF1D40A8D20035C027 /* ViewController.m */ = {isa = PBXFileReference; fileEncoding = 4; lastKnownFileType = sourcecode.c.objc; path = ViewController.m; sourceTree = "<group>"; };
		841538D71D40B4CB0035C027 /* testMap2.svg */ = {isa = PBXFileReference; fileEncoding = 4; lastKnownFileType = text.xml; name = testMap2.svg; path = ../../../IOS_Demo_OpenSource_IndoorMap/testMap2.svg; sourceTree = "<group>"; };
		841B67561D4084DC00BECADF /* Demo.NexdTechLocationDemo.app */ = {isa = PBXFileReference; explicitFileType = wrapper.application; includeInIndex = 0; path = Demo.NexdTechLocationDemo.app; sourceTree = BUILT_PRODUCTS_DIR; };
		841B675A1D4084DC00BECADF /* main.m */ = {isa = PBXFileReference; lastKnownFileType = sourcecode.c.objc; path = main.m; sourceTree = "<group>"; };
		841B675C1D4084DC00BECADF /* AppDelegate.h */ = {isa = PBXFileReference; lastKnownFileType = sourcecode.c.h; path = AppDelegate.h; sourceTree = "<group>"; };
		841B675D1D4084DC00BECADF /* AppDelegate.m */ = {isa = PBXFileReference; lastKnownFileType = sourcecode.c.objc; path = AppDelegate.m; sourceTree = "<group>"; };
		841B675F1D4084DC00BECADF /* ViewController.h */ = {isa = PBXFileReference; lastKnownFileType = sourcecode.c.h; path = ViewController.h; sourceTree = "<group>"; };
		841B67631D4084DC00BECADF /* Base */ = {isa = PBXFileReference; lastKnownFileType = file.storyboard; name = Base; path = Base.lproj/Main.storyboard; sourceTree = "<group>"; };
		841B67651D4084DC00BECADF /* Assets.xcassets */ = {isa = PBXFileReference; lastKnownFileType = folder.assetcatalog; path = Assets.xcassets; sourceTree = "<group>"; };
		841B67681D4084DC00BECADF /* Base */ = {isa = PBXFileReference; lastKnownFileType = file.storyboard; name = Base; path = Base.lproj/LaunchScreen.storyboard; sourceTree = "<group>"; };
		841B676A1D4084DC00BECADF /* Info.plist */ = {isa = PBXFileReference; lastKnownFileType = text.plist.xml; path = Info.plist; sourceTree = "<group>"; };
		841B676F1D4084DC00BECADF /* Demo.NexdTechLocationDemoTests.xctest */ = {isa = PBXFileReference; explicitFileType = wrapper.cfbundle; includeInIndex = 0; path = Demo.NexdTechLocationDemoTests.xctest; sourceTree = BUILT_PRODUCTS_DIR; };
		841B67731D4084DC00BECADF /* Demo_NexdTechLocationDemoTests.m */ = {isa = PBXFileReference; lastKnownFileType = sourcecode.c.objc; path = Demo_NexdTechLocationDemoTests.m; sourceTree = "<group>"; };
		841B67751D4084DC00BECADF /* Info.plist */ = {isa = PBXFileReference; lastKnownFileType = text.plist.xml; path = Info.plist; sourceTree = "<group>"; };
		841B677A1D4084DC00BECADF /* Demo.NexdTechLocationDemoUITests.xctest */ = {isa = PBXFileReference; explicitFileType = wrapper.cfbundle; includeInIndex = 0; path = Demo.NexdTechLocationDemoUITests.xctest; sourceTree = BUILT_PRODUCTS_DIR; };
		841B677E1D4084DC00BECADF /* Demo_NexdTechLocationDemoUITests.m */ = {isa = PBXFileReference; lastKnownFileType = sourcecode.c.objc; path = Demo_NexdTechLocationDemoUITests.m; sourceTree = "<group>"; };
		841B67801D4084DC00BECADF /* Info.plist */ = {isa = PBXFileReference; lastKnownFileType = text.plist.xml; path = Info.plist; sourceTree = "<group>"; };
		841B678E1D40853000BECADF /* locate_code_base.h */ = {isa = PBXFileReference; fileEncoding = 4; lastKnownFileType = sourcecode.c.h; name = locate_code_base.h; path = ../../../LocationEngineLibrary/CompiledLocationEngineTest/CompiledLocationEngineTest/locate_code_base.h; sourceTree = "<group>"; };
		841B678F1D40853000BECADF /* 101001200002.optparam */ = {isa = PBXFileReference; fileEncoding = 4; lastKnownFileType = text; name = 101001200002.optparam; path = ../../../LocationEngineLibrary/CompiledLocationEngineTest/CompiledLocationEngineTest/101001200002.optparam; sourceTree = "<group>"; };
		841B67901D40853000BECADF /* 101001200002.wifilist */ = {isa = PBXFileReference; fileEncoding = 4; lastKnownFileType = text; name = 101001200002.wifilist; path = ../../../LocationEngineLibrary/CompiledLocationEngineTest/CompiledLocationEngineTest/101001200002.wifilist; sourceTree = "<group>"; };
		841B67911D40853000BECADF /* 101001200002.wp */ = {isa = PBXFileReference; fileEncoding = 4; lastKnownFileType = text; name = 101001200002.wp; path = ../../../LocationEngineLibrary/CompiledLocationEngineTest/CompiledLocationEngineTest/101001200002.wp; sourceTree = "<group>"; };
		841B67981D40856C00BECADF /* LocationEngine.m */ = {isa = PBXFileReference; fileEncoding = 4; lastKnownFileType = sourcecode.c.objc; path = LocationEngine.m; sourceTree = "<group>"; };
		841B679A1D40858400BECADF /* LocationEngine.h */ = {isa = PBXFileReference; lastKnownFileType = sourcecode.c.h; path = LocationEngine.h; sourceTree = "<group>"; };
		84AF3C9F1D40A0C800DD34CA /* MapTestViewController.m */ = {isa = PBXFileReference; fileEncoding = 4; lastKnownFileType = sourcecode.c.objc; path = MapTestViewController.m; sourceTree = "<group>"; };
		84AF3CA01D40A0C800DD34CA /* MapTestViewController.h */ = {isa = PBXFileReference; fileEncoding = 4; lastKnownFileType = sourcecode.c.h; path = MapTestViewController.h; sourceTree = "<group>"; };
		84AF3CA21D40A11300DD34CA /* testMap.svg */ = {isa = PBXFileReference; fileEncoding = 4; lastKnownFileType = text.xml; path = testMap.svg; sourceTree = "<group>"; };
		84AF3CA31D40A11300DD34CA /* backgroundImage_edited.jpg */ = {isa = PBXFileReference; lastKnownFileType = image.jpeg; path = backgroundImage_edited.jpg; sourceTree = "<group>"; };
		84AF3CA41D40A11300DD34CA /* backgroundImage.png */ = {isa = PBXFileReference; lastKnownFileType = image.png; path = backgroundImage.png; sourceTree = "<group>"; };
		84AF3CA91D40A13800DD34CA /* SVGKit.framework */ = {isa = PBXFileReference; lastKnownFileType = wrapper.framework; path = SVGKit.framework; sourceTree = "<group>"; };
		84AF3CAA1D40A13800DD34CA /* CocoaLumberjack.framework */ = {isa = PBXFileReference; lastKnownFileType = wrapper.framework; path = CocoaLumberjack.framework; sourceTree = "<group>"; };
		84AF3CB01D40A14B00DD34CA /* CoreImage.framework */ = {isa = PBXFileReference; lastKnownFileType = wrapper.framework; name = CoreImage.framework; path = System/Library/Frameworks/CoreImage.framework; sourceTree = SDKROOT; };
		84AF3CB21D40A15200DD34CA /* QuartzCore.framework */ = {isa = PBXFileReference; lastKnownFileType = wrapper.framework; name = QuartzCore.framework; path = System/Library/Frameworks/QuartzCore.framework; sourceTree = SDKROOT; };
		84AF3CB41D40A15B00DD34CA /* UIKit.framework */ = {isa = PBXFileReference; lastKnownFileType = wrapper.framework; name = UIKit.framework; path = System/Library/Frameworks/UIKit.framework; sourceTree = SDKROOT; };
		84AF3CB61D40A16100DD34CA /* CoreText.framework */ = {isa = PBXFileReference; lastKnownFileType = wrapper.framework; name = CoreText.framework; path = System/Library/Frameworks/CoreText.framework; sourceTree = SDKROOT; };
		84AF3CB81D40A16A00DD34CA /* CoreGraphics.framework */ = {isa = PBXFileReference; lastKnownFileType = wrapper.framework; name = CoreGraphics.framework; path = System/Library/Frameworks/CoreGraphics.framework; sourceTree = SDKROOT; };
		84AF3CBA1D40A17900DD34CA /* libxml2.tbd */ = {isa = PBXFileReference; lastKnownFileType = "sourcecode.text-based-dylib-definition"; name = libxml2.tbd; path = usr/lib/libxml2.tbd; sourceTree = SDKROOT; };
		84CD5C1E1D40875200E361AD /* libNexdTechLocationEngine.a */ = {isa = PBXFileReference; lastKnownFileType = archive.ar; path = libNexdTechLocationEngine.a; sourceTree = SOURCE_ROOT; };
		84CD5C281D409A8000E361AD /* PositionTestView.h */ = {isa = PBXFileReference; fileEncoding = 4; lastKnownFileType = sourcecode.c.h; path = PositionTestView.h; sourceTree = "<group>"; };
		84CD5C291D409A8000E361AD /* PositionTestView.m */ = {isa = PBXFileReference; fileEncoding = 4; lastKnownFileType = sourcecode.c.objc; path = PositionTestView.m; sourceTree = "<group>"; };
/* End PBXFileReference section */

/* Begin PBXFrameworksBuildPhase section */
		841B67531D4084DC00BECADF /* Frameworks */ = {
			isa = PBXFrameworksBuildPhase;
			buildActionMask = 2147483647;
			files = (
				84AF3CBB1D40A17900DD34CA /* libxml2.tbd in Frameworks */,
				84AF3CB91D40A16A00DD34CA /* CoreGraphics.framework in Frameworks */,
				84AF3CB71D40A16100DD34CA /* CoreText.framework in Frameworks */,
				84AF3CB51D40A15B00DD34CA /* UIKit.framework in Frameworks */,
				84AF3CB31D40A15200DD34CA /* QuartzCore.framework in Frameworks */,
				84AF3CB11D40A14B00DD34CA /* CoreImage.framework in Frameworks */,
				84AF3CAB1D40A13800DD34CA /* SVGKit.framework in Frameworks */,
				84AF3CAD1D40A13800DD34CA /* CocoaLumberjack.framework in Frameworks */,
				84CD5C201D40876200E361AD /* libNexdTechLocationEngine.a in Frameworks */,
			);
			runOnlyForDeploymentPostprocessing = 0;
		};
		841B676C1D4084DC00BECADF /* Frameworks */ = {
			isa = PBXFrameworksBuildPhase;
			buildActionMask = 2147483647;
			files = (
			);
			runOnlyForDeploymentPostprocessing = 0;
		};
		841B67771D4084DC00BECADF /* Frameworks */ = {
			isa = PBXFrameworksBuildPhase;
			buildActionMask = 2147483647;
			files = (
			);
			runOnlyForDeploymentPostprocessing = 0;
		};
/* End PBXFrameworksBuildPhase section */

/* Begin PBXGroup section */
		841B674D1D4084DC00BECADF = {
			isa = PBXGroup;
			children = (
				84AF3CBA1D40A17900DD34CA /* libxml2.tbd */,
				84AF3CB81D40A16A00DD34CA /* CoreGraphics.framework */,
				84AF3CB61D40A16100DD34CA /* CoreText.framework */,
				84AF3CB41D40A15B00DD34CA /* UIKit.framework */,
				84AF3CB21D40A15200DD34CA /* QuartzCore.framework */,
				84AF3CB01D40A14B00DD34CA /* CoreImage.framework */,
				84AF3CA91D40A13800DD34CA /* SVGKit.framework */,
				84AF3CAA1D40A13800DD34CA /* CocoaLumberjack.framework */,
				841B67581D4084DC00BECADF /* Demo.NexdTechLocationDemo */,
				841B67721D4084DC00BECADF /* Demo.NexdTechLocationDemoTests */,
				841B677D1D4084DC00BECADF /* Demo.NexdTechLocationDemoUITests */,
				841B67571D4084DC00BECADF /* Products */,
			);
			sourceTree = "<group>";
		};
		841B67571D4084DC00BECADF /* Products */ = {
			isa = PBXGroup;
			children = (
				841B67561D4084DC00BECADF /* Demo.NexdTechLocationDemo.app */,
				841B676F1D4084DC00BECADF /* Demo.NexdTechLocationDemoTests.xctest */,
				841B677A1D4084DC00BECADF /* Demo.NexdTechLocationDemoUITests.xctest */,
			);
			name = Products;
			sourceTree = "<group>";
		};
		841B67581D4084DC00BECADF /* Demo.NexdTechLocationDemo */ = {
			isa = PBXGroup;
			children = (
				84AF3CA81D40A11C00DD34CA /* FrameWork */,
				841B67971D40854D00BECADF /* Core */,
				841B675C1D4084DC00BECADF /* AppDelegate.h */,
				841B675D1D4084DC00BECADF /* AppDelegate.m */,
				84AF3CA01D40A0C800DD34CA /* MapTestViewController.h */,
				84AF3C9F1D40A0C800DD34CA /* MapTestViewController.m */,
				841B675F1D4084DC00BECADF /* ViewController.h */,
				841538CF1D40A8D20035C027 /* ViewController.m */,
				841B67621D4084DC00BECADF /* Main.storyboard */,
				84CD5C281D409A8000E361AD /* PositionTestView.h */,
				84CD5C291D409A8000E361AD /* PositionTestView.m */,
				841B67651D4084DC00BECADF /* Assets.xcassets */,
				841B67671D4084DC00BECADF /* LaunchScreen.storyboard */,
				841B676A1D4084DC00BECADF /* Info.plist */,
				841B67591D4084DC00BECADF /* Supporting Files */,
			);
			path = Demo.NexdTechLocationDemo;
			sourceTree = "<group>";
		};
		841B67591D4084DC00BECADF /* Supporting Files */ = {
			isa = PBXGroup;
			children = (
				841538D71D40B4CB0035C027 /* testMap2.svg */,
				84AF3CA21D40A11300DD34CA /* testMap.svg */,
				84AF3CA31D40A11300DD34CA /* backgroundImage_edited.jpg */,
				84AF3CA41D40A11300DD34CA /* backgroundImage.png */,
				84CD5C1E1D40875200E361AD /* libNexdTechLocationEngine.a */,
				841B678E1D40853000BECADF /* locate_code_base.h */,
				841B678F1D40853000BECADF /* 101001200002.optparam */,
				841B67901D40853000BECADF /* 101001200002.wifilist */,
				841B67911D40853000BECADF /* 101001200002.wp */,
				841B675A1D4084DC00BECADF /* main.m */,
			);
			name = "Supporting Files";
			sourceTree = "<group>";
		};
		841B67721D4084DC00BECADF /* Demo.NexdTechLocationDemoTests */ = {
			isa = PBXGroup;
			children = (
				841B67731D4084DC00BECADF /* Demo_NexdTechLocationDemoTests.m */,
				841B67751D4084DC00BECADF /* Info.plist */,
			);
			path = Demo.NexdTechLocationDemoTests;
			sourceTree = "<group>";
		};
		841B677D1D4084DC00BECADF /* Demo.NexdTechLocationDemoUITests */ = {
			isa = PBXGroup;
			children = (
				841B677E1D4084DC00BECADF /* Demo_NexdTechLocationDemoUITests.m */,
				841B67801D4084DC00BECADF /* Info.plist */,
			);
			path = Demo.NexdTechLocationDemoUITests;
			sourceTree = "<group>";
		};
		841B67971D40854D00BECADF /* Core */ = {
			isa = PBXGroup;
			children = (
				841B67981D40856C00BECADF /* LocationEngine.m */,
				841B679A1D40858400BECADF /* LocationEngine.h */,
			);
			name = Core;
			sourceTree = "<group>";
		};
		84AF3CA81D40A11C00DD34CA /* FrameWork */ = {
			isa = PBXGroup;
			children = (
			);
			name = FrameWork;
			sourceTree = "<group>";
		};
/* End PBXGroup section */

/* Begin PBXNativeTarget section */
		841B67551D4084DC00BECADF /* Demo.NexdTechLocationDemo */ = {
			isa = PBXNativeTarget;
			buildConfigurationList = 841B67831D4084DC00BECADF /* Build configuration list for PBXNativeTarget "Demo.NexdTechLocationDemo" */;
			buildPhases = (
				841B67521D4084DC00BECADF /* Sources */,
				841B67531D4084DC00BECADF /* Frameworks */,
				841B67541D4084DC00BECADF /* Resources */,
				84AF3CAF1D40A13900DD34CA /* Embed Frameworks */,
			);
			buildRules = (
			);
			dependencies = (
			);
			name = Demo.NexdTechLocationDemo;
			productName = Demo.NexdTechLocationDemo;
			productReference = 841B67561D4084DC00BECADF /* Demo.NexdTechLocationDemo.app */;
			productType = "com.apple.product-type.application";
		};
		841B676E1D4084DC00BECADF /* Demo.NexdTechLocationDemoTests */ = {
			isa = PBXNativeTarget;
			buildConfigurationList = 841B67861D4084DC00BECADF /* Build configuration list for PBXNativeTarget "Demo.NexdTechLocationDemoTests" */;
			buildPhases = (
				841B676B1D4084DC00BECADF /* Sources */,
				841B676C1D4084DC00BECADF /* Frameworks */,
				841B676D1D4084DC00BECADF /* Resources */,
			);
			buildRules = (
			);
			dependencies = (
				841B67711D4084DC00BECADF /* PBXTargetDependency */,
			);
			name = Demo.NexdTechLocationDemoTests;
			productName = Demo.NexdTechLocationDemoTests;
			productReference = 841B676F1D4084DC00BECADF /* Demo.NexdTechLocationDemoTests.xctest */;
			productType = "com.apple.product-type.bundle.unit-test";
		};
		841B67791D4084DC00BECADF /* Demo.NexdTechLocationDemoUITests */ = {
			isa = PBXNativeTarget;
			buildConfigurationList = 841B67891D4084DC00BECADF /* Build configuration list for PBXNativeTarget "Demo.NexdTechLocationDemoUITests" */;
			buildPhases = (
				841B67761D4084DC00BECADF /* Sources */,
				841B67771D4084DC00BECADF /* Frameworks */,
				841B67781D4084DC00BECADF /* Resources */,
			);
			buildRules = (
			);
			dependencies = (
				841B677C1D4084DC00BECADF /* PBXTargetDependency */,
			);
			name = Demo.NexdTechLocationDemoUITests;
			productName = Demo.NexdTechLocationDemoUITests;
			productReference = 841B677A1D4084DC00BECADF /* Demo.NexdTechLocationDemoUITests.xctest */;
			productType = "com.apple.product-type.bundle.ui-testing";
		};
/* End PBXNativeTarget section */

/* Begin PBXProject section */
		841B674E1D4084DC00BECADF /* Project object */ = {
			isa = PBXProject;
			attributes = {
				LastUpgradeCheck = 0720;
				ORGANIZATIONNAME = Ninespring;
				TargetAttributes = {
					841B67551D4084DC00BECADF = {
						CreatedOnToolsVersion = 7.2.1;
						DevelopmentTeam = 6KFX63Q6AW;
					};
					841B676E1D4084DC00BECADF = {
						CreatedOnToolsVersion = 7.2.1;
						TestTargetID = 841B67551D4084DC00BECADF;
					};
					841B67791D4084DC00BECADF = {
						CreatedOnToolsVersion = 7.2.1;
						TestTargetID = 841B67551D4084DC00BECADF;
					};
				};
			};
			buildConfigurationList = 841B67511D4084DC00BECADF /* Build configuration list for PBXProject "Demo.NexdTechLocationDemo" */;
			compatibilityVersion = "Xcode 3.2";
			developmentRegion = English;
			hasScannedForEncodings = 0;
			knownRegions = (
				en,
				Base,
			);
			mainGroup = 841B674D1D4084DC00BECADF;
			productRefGroup = 841B67571D4084DC00BECADF /* Products */;
			projectDirPath = "";
			projectRoot = "";
			targets = (
				841B67551D4084DC00BECADF /* Demo.NexdTechLocationDemo */,
				841B676E1D4084DC00BECADF /* Demo.NexdTechLocationDemoTests */,
				841B67791D4084DC00BECADF /* Demo.NexdTechLocationDemoUITests */,
			);
		};
/* End PBXProject section */

/* Begin PBXResourcesBuildPhase section */
		841B67541D4084DC00BECADF /* Resources */ = {
			isa = PBXResourcesBuildPhase;
			buildActionMask = 2147483647;
			files = (
				841B67931D40853000BECADF /* 101001200002.wifilist in Resources */,
				841B67691D4084DC00BECADF /* LaunchScreen.storyboard in Resources */,
				84AF3CA61D40A11300DD34CA /* backgroundImage_edited.jpg in Resources */,
				84AF3CA71D40A11300DD34CA /* backgroundImage.png in Resources */,
				841B67661D4084DC00BECADF /* Assets.xcassets in Resources */,
				84AF3CA51D40A11300DD34CA /* testMap.svg in Resources */,
				841B67941D40853000BECADF /* 101001200002.wp in Resources */,
				841B67921D40853000BECADF /* 101001200002.optparam in Resources */,
				841538D81D40B4CB0035C027 /* testMap2.svg in Resources */,
				841B67641D4084DC00BECADF /* Main.storyboard in Resources */,
			);
			runOnlyForDeploymentPostprocessing = 0;
		};
		841B676D1D4084DC00BECADF /* Resources */ = {
			isa = PBXResourcesBuildPhase;
			buildActionMask = 2147483647;
			files = (
			);
			runOnlyForDeploymentPostprocessing = 0;
		};
		841B67781D4084DC00BECADF /* Resources */ = {
			isa = PBXResourcesBuildPhase;
			buildActionMask = 2147483647;
			files = (
			);
			runOnlyForDeploymentPostprocessing = 0;
		};
/* End PBXResourcesBuildPhase section */

/* Begin PBXSourcesBuildPhase section */
		841B67521D4084DC00BECADF /* Sources */ = {
			isa = PBXSourcesBuildPhase;
			buildActionMask = 2147483647;
			files = (
				841538D01D40A8D20035C027 /* ViewController.m in Sources */,
				84AF3CA11D40A0C800DD34CA /* MapTestViewController.m in Sources */,
				841B675E1D4084DC00BECADF /* AppDelegate.m in Sources */,
				84CD5C2A1D409A8000E361AD /* PositionTestView.m in Sources */,
				841B67991D40856C00BECADF /* LocationEngine.m in Sources */,
				841B675B1D4084DC00BECADF /* main.m in Sources */,
			);
			runOnlyForDeploymentPostprocessing = 0;
		};
		841B676B1D4084DC00BECADF /* Sources */ = {
			isa = PBXSourcesBuildPhase;
			buildActionMask = 2147483647;
			files = (
				841B67741D4084DC00BECADF /* Demo_NexdTechLocationDemoTests.m in Sources */,
			);
			runOnlyForDeploymentPostprocessing = 0;
		};
		841B67761D4084DC00BECADF /* Sources */ = {
			isa = PBXSourcesBuildPhase;
			buildActionMask = 2147483647;
			files = (
				841B677F1D4084DC00BECADF /* Demo_NexdTechLocationDemoUITests.m in Sources */,
			);
			runOnlyForDeploymentPostprocessing = 0;
		};
/* End PBXSourcesBuildPhase section */

/* Begin PBXTargetDependency section */
		841B67711D4084DC00BECADF /* PBXTargetDependency */ = {
			isa = PBXTargetDependency;
			target = 841B67551D4084DC00BECADF /* Demo.NexdTechLocationDemo */;
			targetProxy = 841B67701D4084DC00BECADF /* PBXContainerItemProxy */;
		};
		841B677C1D4084DC00BECADF /* PBXTargetDependency */ = {
			isa = PBXTargetDependency;
			target = 841B67551D4084DC00BECADF /* Demo.NexdTechLocationDemo */;
			targetProxy = 841B677B1D4084DC00BECADF /* PBXContainerItemProxy */;
		};
/* End PBXTargetDependency section */

/* Begin PBXVariantGroup section */
		841B67621D4084DC00BECADF /* Main.storyboard */ = {
			isa = PBXVariantGroup;
			children = (
				841B67631D4084DC00BECADF /* Base */,
			);
			name = Main.storyboard;
			sourceTree = "<group>";
		};
		841B67671D4084DC00BECADF /* LaunchScreen.storyboard */ = {
			isa = PBXVariantGroup;
			children = (
				841B67681D4084DC00BECADF /* Base */,
			);
			name = LaunchScreen.storyboard;
			sourceTree = "<group>";
		};
/* End PBXVariantGroup section */

/* Begin XCBuildConfiguration section */
		841B67811D4084DC00BECADF /* Debug */ = {
			isa = XCBuildConfiguration;
			buildSettings = {
				ALWAYS_SEARCH_USER_PATHS = NO;
				CLANG_CXX_LANGUAGE_STANDARD = "gnu++0x";
				CLANG_CXX_LIBRARY = "libc++";
				CLANG_ENABLE_MODULES = YES;
				CLANG_ENABLE_OBJC_ARC = YES;
				CLANG_WARN_BOOL_CONVERSION = YES;
				CLANG_WARN_CONSTANT_CONVERSION = YES;
				CLANG_WARN_DIRECT_OBJC_ISA_USAGE = YES_ERROR;
				CLANG_WARN_EMPTY_BODY = YES;
				CLANG_WARN_ENUM_CONVERSION = YES;
				CLANG_WARN_INT_CONVERSION = YES;
				CLANG_WARN_OBJC_ROOT_CLASS = YES_ERROR;
				CLANG_WARN_UNREACHABLE_CODE = YES;
				CLANG_WARN__DUPLICATE_METHOD_MATCH = YES;
				"CODE_SIGN_IDENTITY[sdk=iphoneos*]" = "iPhone Developer";
				COPY_PHASE_STRIP = NO;
				DEBUG_INFORMATION_FORMAT = dwarf;
				ENABLE_STRICT_OBJC_MSGSEND = YES;
				ENABLE_TESTABILITY = YES;
				GCC_C_LANGUAGE_STANDARD = gnu99;
				GCC_DYNAMIC_NO_PIC = NO;
				GCC_NO_COMMON_BLOCKS = YES;
				GCC_OPTIMIZATION_LEVEL = 0;
				GCC_PREPROCESSOR_DEFINITIONS = (
					"DEBUG=1",
					"$(inherited)",
				);
				GCC_WARN_64_TO_32_BIT_CONVERSION = YES;
				GCC_WARN_ABOUT_RETURN_TYPE = YES_ERROR;
				GCC_WARN_UNDECLARED_SELECTOR = YES;
				GCC_WARN_UNINITIALIZED_AUTOS = YES_AGGRESSIVE;
				GCC_WARN_UNUSED_FUNCTION = YES;
				GCC_WARN_UNUSED_VARIABLE = YES;
				IPHONEOS_DEPLOYMENT_TARGET = 9.2;
				MTL_ENABLE_DEBUG_INFO = YES;
				ONLY_ACTIVE_ARCH = YES;
				SDKROOT = iphoneos;
			};
			name = Debug;
		};
		841B67821D4084DC00BECADF /* Release */ = {
			isa = XCBuildConfiguration;
			buildSettings = {
				ALWAYS_SEARCH_USER_PATHS = NO;
				CLANG_CXX_LANGUAGE_STANDARD = "gnu++0x";
				CLANG_CXX_LIBRARY = "libc++";
				CLANG_ENABLE_MODULES = YES;
				CLANG_ENABLE_OBJC_ARC = YES;
				CLANG_WARN_BOOL_CONVERSION = YES;
				CLANG_WARN_CONSTANT_CONVERSION = YES;
				CLANG_WARN_DIRECT_OBJC_ISA_USAGE = YES_ERROR;
				CLANG_WARN_EMPTY_BODY = YES;
				CLANG_WARN_ENUM_CONVERSION = YES;
				CLANG_WARN_INT_CONVERSION = YES;
				CLANG_WARN_OBJC_ROOT_CLASS = YES_ERROR;
				CLANG_WARN_UNREACHABLE_CODE = YES;
				CLANG_WARN__DUPLICATE_METHOD_MATCH = YES;
				"CODE_SIGN_IDENTITY[sdk=iphoneos*]" = "iPhone Developer";
				COPY_PHASE_STRIP = NO;
				DEBUG_INFORMATION_FORMAT = "dwarf-with-dsym";
				ENABLE_NS_ASSERTIONS = NO;
				ENABLE_STRICT_OBJC_MSGSEND = YES;
				GCC_C_LANGUAGE_STANDARD = gnu99;
				GCC_NO_COMMON_BLOCKS = YES;
				GCC_WARN_64_TO_32_BIT_CONVERSION = YES;
				GCC_WARN_ABOUT_RETURN_TYPE = YES_ERROR;
				GCC_WARN_UNDECLARED_SELECTOR = YES;
				GCC_WARN_UNINITIALIZED_AUTOS = YES_AGGRESSIVE;
				GCC_WARN_UNUSED_FUNCTION = YES;
				GCC_WARN_UNUSED_VARIABLE = YES;
				IPHONEOS_DEPLOYMENT_TARGET = 9.2;
				MTL_ENABLE_DEBUG_INFO = NO;
				SDKROOT = iphoneos;
				VALIDATE_PRODUCT = YES;
			};
			name = Release;
		};
		841B67841D4084DC00BECADF /* Debug */ = {
			isa = XCBuildConfiguration;
			buildSettings = {
				ASSETCATALOG_COMPILER_APPICON_NAME = AppIcon;
				CODE_SIGN_IDENTITY = "iPhone Developer";
				FRAMEWORK_SEARCH_PATHS = (
					"$(inherited)",
					"$(PROJECT_DIR)",
				);
				INFOPLIST_FILE = Demo.NexdTechLocationDemo/Info.plist;
				LD_RUNPATH_SEARCH_PATHS = "$(inherited) @executable_path/Frameworks";
				LIBRARY_SEARCH_PATHS = (
					"$(inherited)",
					"$(PROJECT_DIR)",
				);
				PRODUCT_BUNDLE_IDENTIFIER = "nexdtech.Demo-NexdTechLocationDemo";
				PRODUCT_NAME = "$(TARGET_NAME)";
			};
			name = Debug;
		};
		841B67851D4084DC00BECADF /* Release */ = {
			isa = XCBuildConfiguration;
			buildSettings = {
				ASSETCATALOG_COMPILER_APPICON_NAME = AppIcon;
				CODE_SIGN_IDENTITY = "iPhone Developer";
				FRAMEWORK_SEARCH_PATHS = (
					"$(inherited)",
					"$(PROJECT_DIR)",
				);
				INFOPLIST_FILE = Demo.NexdTechLocationDemo/Info.plist;
				LD_RUNPATH_SEARCH_PATHS = "$(inherited) @executable_path/Frameworks";
				LIBRARY_SEARCH_PATHS = (
					"$(inherited)",
					"$(PROJECT_DIR)",
				);
				PRODUCT_BUNDLE_IDENTIFIER = "nexdtech.Demo-NexdTechLocationDemo";
				PRODUCT_NAME = "$(TARGET_NAME)";
			};
			name = Release;
		};
		841B67871D4084DC00BECADF /* Debug */ = {
			isa = XCBuildConfiguration;
			buildSettings = {
				BUNDLE_LOADER = "$(TEST_HOST)";
				INFOPLIST_FILE = Demo.NexdTechLocationDemoTests/Info.plist;
				LD_RUNPATH_SEARCH_PATHS = "$(inherited) @executable_path/Frameworks @loader_path/Frameworks";
				PRODUCT_BUNDLE_IDENTIFIER = "nexdtech.Demo-NexdTechLocationDemoTests";
				PRODUCT_NAME = "$(TARGET_NAME)";
				TEST_HOST = "$(BUILT_PRODUCTS_DIR)/Demo.NexdTechLocationDemo.app/Demo.NexdTechLocationDemo";
			};
			name = Debug;
		};
		841B67881D4084DC00BECADF /* Release */ = {
			isa = XCBuildConfiguration;
			buildSettings = {
				BUNDLE_LOADER = "$(TEST_HOST)";
				INFOPLIST_FILE = Demo.NexdTechLocationDemoTests/Info.plist;
				LD_RUNPATH_SEARCH_PATHS = "$(inherited) @executable_path/Frameworks @loader_path/Frameworks";
				PRODUCT_BUNDLE_IDENTIFIER = "nexdtech.Demo-NexdTechLocationDemoTests";
				PRODUCT_NAME = "$(TARGET_NAME)";
				TEST_HOST = "$(BUILT_PRODUCTS_DIR)/Demo.NexdTechLocationDemo.app/Demo.NexdTechLocationDemo";
			};
			name = Release;
		};
		841B678A1D4084DC00BECADF /* Debug */ = {
			isa = XCBuildConfiguration;
			buildSettings = {
				INFOPLIST_FILE = Demo.NexdTechLocationDemoUITests/Info.plist;
				LD_RUNPATH_SEARCH_PATHS = "$(inherited) @executable_path/Frameworks @loader_path/Frameworks";
				PRODUCT_BUNDLE_IDENTIFIER = "nexdtech.Demo-NexdTechLocationDemoUITests";
				PRODUCT_NAME = "$(TARGET_NAME)";
				TEST_TARGET_NAME = Demo.NexdTechLocationDemo;
				USES_XCTRUNNER = YES;
			};
			name = Debug;
		};
		841B678B1D4084DC00BECADF /* Release */ = {
			isa = XCBuildConfiguration;
			buildSettings = {
				INFOPLIST_FILE = Demo.NexdTechLocationDemoUITests/Info.plist;
				LD_RUNPATH_SEARCH_PATHS = "$(inherited) @executable_path/Frameworks @loader_path/Frameworks";
				PRODUCT_BUNDLE_IDENTIFIER = "nexdtech.Demo-NexdTechLocationDemoUITests";
				PRODUCT_NAME = "$(TARGET_NAME)";
				TEST_TARGET_NAME = Demo.NexdTechLocationDemo;
				USES_XCTRUNNER = YES;
			};
			name = Release;
		};
/* End XCBuildConfiguration section */

/* Begin XCConfigurationList section */
		841B67511D4084DC00BECADF /* Build configuration list for PBXProject "Demo.NexdTechLocationDemo" */ = {
			isa = XCConfigurationList;
			buildConfigurations = (
				841B67811D4084DC00BECADF /* Debug */,
				841B67821D4084DC00BECADF /* Release */,
			);
			defaultConfigurationIsVisible = 0;
			defaultConfigurationName = Release;
		};
		841B67831D4084DC00BECADF /* Build configuration list for PBXNativeTarget "Demo.NexdTechLocationDemo" */ = {
			isa = XCConfigurationList;
			buildConfigurations = (
				841B67841D4084DC00BECADF /* Debug */,
				841B67851D4084DC00BECADF /* Release */,
			);
			defaultConfigurationIsVisible = 0;
			defaultConfigurationName = Release;
		};
		841B67861D4084DC00BECADF /* Build configuration list for PBXNativeTarget "Demo.NexdTechLocationDemoTests" */ = {
			isa = XCConfigurationList;
			buildConfigurations = (
				841B67871D4084DC00BECADF /* Debug */,
				841B67881D4084DC00BECADF /* Release */,
			);
			defaultConfigurationIsVisible = 0;
			defaultConfigurationName = Release;
		};
		841B67891D4084DC00BECADF /* Build configuration list for PBXNativeTarget "Demo.NexdTechLocationDemoUITests" */ = {
			isa = XCConfigurationList;
			buildConfigurations = (
				841B678A1D4084DC00BECADF /* Debug */,
				841B678B1D4084DC00BECADF /* Release */,
			);
			defaultConfigurationIsVisible = 0;
			defaultConfigurationName = Release;
		};
/* End XCConfigurationList section */
	};
	rootObject = 841B674E1D4084DC00BECADF /* Project object */;
}
